
Microsoft Visual Studio Solution File, Format Version 12.00
# Visual Studio Version 16
VisualStudioVersion = 16.0.29025.244
MinimumVisualStudioVersion = 10.0.40219.1
Project("{8BC9CEB8-8B4A-11D0-8D11-00A0C91BC942}") = "Tetris", "Tetris\Tetris.vcxproj", "{2F132DD1-FBB8-4EEF-9541-9B7FAE3493B9}"
EndProject
Global
	GlobalSection(SolutionConfigurationPlatforms) = preSolution
		Debug|x64 = Debug|x64
		Debug|x86 = Debug|x86
		Release|x64 = Release|x64
		Release|x86 = Release|x86
	EndGlobalSection
	GlobalSection(ProjectConfigurationPlatforms) = postSolution
		{2F132DD1-FBB8-4EEF-9541-9B7FAE3493B9}.Debug|x64.ActiveCfg = Debug|x64
		{2F132DD1-FBB8-4EEF-9541-9B7FAE3493B9}.Debug|x64.Build.0 = Debug|x64
		{2F132DD1-FBB8-4EEF-9541-9B7FAE3493B9}.Debug|x86.ActiveCfg = Debug|Win32
		{2F132DD1-FBB8-4EEF-9541-9B7FAE3493B9}.Debug|x86.Build.0 = Debug|Win32
		{2F132DD1-FBB8-4EEF-9541-9B7FAE3493B9}.Release|x64.ActiveCfg = Release|x64
		{2F132DD1-FBB8-4EEF-9541-9B7FAE3493B9}.Release|x64.Build.0 = Release|x64
		{2F132DD1-FBB8-4EEF-9541-9B7FAE3493B9}.Release|x86.ActiveCfg = Release|Win32
		{2F132DD1-FBB8-4EEF-9541-9B7FAE3493B9}.Release|x86.Build.0 = Release|Win32
	EndGlobalSection
	GlobalSection(SolutionProperties) = preSolution
		HideSolutionNode = FALSE
	EndGlobalSection
	GlobalSection(ExtensibilityGlobals) = postSolution
		SolutionGuid = {AE6509DC-8798-4914-86EB-74D859D437CD}
	EndGlobalSection
EndGlobal
